
Microsoft Visual Studio Solution File, Format Version 12.00
# Visual Studio 2012
Project("{FAE04EC0-301F-11D3-BF4B-00C04F79EFBC}") = "ATVEncodeTag", "ATVEncodeTag\ATVEncodeTag.csproj", "{B3503504-566F-4A8A-9D2A-AB1E3729D51F}"
EndProject
Project("{FAE04EC0-301F-11D3-BF4B-00C04F79EFBC}") = "ATVAssistant.Common", "ATVAssistant.Common\ATVAssistant.Common.csproj", "{70250D8F-4BCA-44CA-B726-B71A2D723E25}"
EndProject
Project("{FAE04EC0-301F-11D3-BF4B-00C04F79EFBC}") = "ATVAssistant.Common.Tests", "ATVAssistant.Common.Tests\ATVAssistant.Common.Tests.csproj", "{3D388C1D-64DF-4850-A212-DEA35C142B7B}"
EndProject
Project("{2150E333-8FDC-42A3-9474-1A3956D46DE8}") = ".nuget", ".nuget", "{54EEC92B-357D-4935-B433-818309A0B3DA}"
	ProjectSection(SolutionItems) = preProject
		.nuget\NuGet.Config = .nuget\NuGet.Config
		.nuget\NuGet.exe = .nuget\NuGet.exe
		.nuget\NuGet.targets = .nuget\NuGet.targets
	EndProjectSection
EndProject
Project("{FAE04EC0-301F-11D3-BF4B-00C04F79EFBC}") = "VideoMerge", "VideoMerge\VideoMerge.csproj", "{C0ECCEF9-E4C6-48D1-BEF0-941101983973}"
EndProject
Project("{FAE04EC0-301F-11D3-BF4B-00C04F79EFBC}") = "VideoRatingTag", "VideoRatingTag\VideoRatingTag.csproj", "{804F6D94-40FC-476A-9E36-7645C290BE65}"
EndProject
Project("{FAE04EC0-301F-11D3-BF4B-00C04F79EFBC}") = "RipRobot", "RipRobot\RipRobot.csproj", "{0CA64026-41D5-46EF-B30A-9C7871E9E3F4}"
EndProject
Project("{FAE04EC0-301F-11D3-BF4B-00C04F79EFBC}") = "ATVAssistant.CommonReferences", "ATVAssistant.CommonReferences\ATVAssistant.CommonReferences.csproj", "{D6D809E4-D9A9-4D85-B37D-6F2E02CEF284}"
EndProject
Project("{FAE04EC0-301F-11D3-BF4B-00C04F79EFBC}") = "uTorrentCleanup", "uTorrentCleanup\uTorrentCleanup.csproj", "{A5416EE7-A11F-45CA-8187-67A25EF30A87}"
EndProject
Global
	GlobalSection(SolutionConfigurationPlatforms) = preSolution
		Debug|Any CPU = Debug|Any CPU
		Release|Any CPU = Release|Any CPU
	EndGlobalSection
	GlobalSection(ProjectConfigurationPlatforms) = postSolution
		{B3503504-566F-4A8A-9D2A-AB1E3729D51F}.Debug|Any CPU.ActiveCfg = Debug|Any CPU
		{B3503504-566F-4A8A-9D2A-AB1E3729D51F}.Debug|Any CPU.Build.0 = Debug|Any CPU
		{B3503504-566F-4A8A-9D2A-AB1E3729D51F}.Release|Any CPU.ActiveCfg = Release|Any CPU
		{B3503504-566F-4A8A-9D2A-AB1E3729D51F}.Release|Any CPU.Build.0 = Release|Any CPU
		{70250D8F-4BCA-44CA-B726-B71A2D723E25}.Debug|Any CPU.ActiveCfg = Debug|Any CPU
		{70250D8F-4BCA-44CA-B726-B71A2D723E25}.Debug|Any CPU.Build.0 = Debug|Any CPU
		{70250D8F-4BCA-44CA-B726-B71A2D723E25}.Release|Any CPU.ActiveCfg = Release|Any CPU
		{70250D8F-4BCA-44CA-B726-B71A2D723E25}.Release|Any CPU.Build.0 = Release|Any CPU
		{3D388C1D-64DF-4850-A212-DEA35C142B7B}.Debug|Any CPU.ActiveCfg = Debug|Any CPU
		{3D388C1D-64DF-4850-A212-DEA35C142B7B}.Debug|Any CPU.Build.0 = Debug|Any CPU
		{3D388C1D-64DF-4850-A212-DEA35C142B7B}.Release|Any CPU.ActiveCfg = Release|Any CPU
		{3D388C1D-64DF-4850-A212-DEA35C142B7B}.Release|Any CPU.Build.0 = Release|Any CPU
		{C0ECCEF9-E4C6-48D1-BEF0-941101983973}.Debug|Any CPU.ActiveCfg = Debug|Any CPU
		{C0ECCEF9-E4C6-48D1-BEF0-941101983973}.Debug|Any CPU.Build.0 = Debug|Any CPU
		{C0ECCEF9-E4C6-48D1-BEF0-941101983973}.Release|Any CPU.ActiveCfg = Release|Any CPU
		{C0ECCEF9-E4C6-48D1-BEF0-941101983973}.Release|Any CPU.Build.0 = Release|Any CPU
		{804F6D94-40FC-476A-9E36-7645C290BE65}.Debug|Any CPU.ActiveCfg = Debug|Any CPU
		{804F6D94-40FC-476A-9E36-7645C290BE65}.Debug|Any CPU.Build.0 = Debug|Any CPU
		{804F6D94-40FC-476A-9E36-7645C290BE65}.Release|Any CPU.ActiveCfg = Release|Any CPU
		{804F6D94-40FC-476A-9E36-7645C290BE65}.Release|Any CPU.Build.0 = Release|Any CPU
		{0CA64026-41D5-46EF-B30A-9C7871E9E3F4}.Debug|Any CPU.ActiveCfg = Debug|Any CPU
		{0CA64026-41D5-46EF-B30A-9C7871E9E3F4}.Debug|Any CPU.Build.0 = Debug|Any CPU
		{0CA64026-41D5-46EF-B30A-9C7871E9E3F4}.Release|Any CPU.ActiveCfg = Release|Any CPU
		{0CA64026-41D5-46EF-B30A-9C7871E9E3F4}.Release|Any CPU.Build.0 = Release|Any CPU
		{D6D809E4-D9A9-4D85-B37D-6F2E02CEF284}.Debug|Any CPU.ActiveCfg = Debug|Any CPU
		{D6D809E4-D9A9-4D85-B37D-6F2E02CEF284}.Debug|Any CPU.Build.0 = Debug|Any CPU
		{D6D809E4-D9A9-4D85-B37D-6F2E02CEF284}.Release|Any CPU.ActiveCfg = Release|Any CPU
		{D6D809E4-D9A9-4D85-B37D-6F2E02CEF284}.Release|Any CPU.Build.0 = Release|Any CPU
		{A5416EE7-A11F-45CA-8187-67A25EF30A87}.Debug|Any CPU.ActiveCfg = Debug|Any CPU
		{A5416EE7-A11F-45CA-8187-67A25EF30A87}.Debug|Any CPU.Build.0 = Debug|Any CPU
		{A5416EE7-A11F-45CA-8187-67A25EF30A87}.Release|Any CPU.ActiveCfg = Release|Any CPU
		{A5416EE7-A11F-45CA-8187-67A25EF30A87}.Release|Any CPU.Build.0 = Release|Any CPU
	EndGlobalSection
	GlobalSection(SolutionProperties) = preSolution
		HideSolutionNode = FALSE
	EndGlobalSection
EndGlobal
